// !$*UTF8*$!
{
	archiveVersion = 1;
	classes = {
	};
	objectVersion = 77;
	objects = {

/* Begin PBXBuildFile section */
		8DFBE5F82DB997A80007B995 /* FirebaseFirestore in Frameworks */ = {isa = PBXBuildFile; productRef = 8DFBE5F72DB997A80007B995 /* FirebaseFirestore */; };
		8DFBE5FA2DB997A80007B995 /* FirebaseFirestoreCombine-Community in Frameworks */ = {isa = PBXBuildFile; productRef = 8DFBE5F92DB997A80007B995 /* FirebaseFirestoreCombine-Community */; };
		8DFBE6052DB9B28E0007B995 /* FirebaseAnalyticsWithoutAdIdSupport in Frameworks */ = {isa = PBXBuildFile; productRef = 8DFBE6042DB9B28E0007B995 /* FirebaseAnalyticsWithoutAdIdSupport */; };
		8DFBE6072DB9B2B80007B995 /* FirebaseCore in Frameworks */ = {isa = PBXBuildFile; productRef = 8DFBE6062DB9B2B80007B995 /* FirebaseCore */; };
		8DFBE60F2DBADC450007B995 /* FirebaseAuth in Frameworks */ = {isa = PBXBuildFile; productRef = 8DFBE60E2DBADC450007B995 /* FirebaseAuth */; };
/* End PBXBuildFile section */

/* Begin PBXContainerItemProxy section */
		8DFBE5C82DB5FA570007B995 /* PBXContainerItemProxy */ = {
			isa = PBXContainerItemProxy;
			containerPortal = 8DFBE5AF2DB5FA560007B995 /* Project object */;
			proxyType = 1;
			remoteGlobalIDString = 8DFBE5B62DB5FA560007B995;
			remoteInfo = SubletHub;
		};
		8DFBE5D22DB5FA570007B995 /* PBXContainerItemProxy */ = {
			isa = PBXContainerItemProxy;
			containerPortal = 8DFBE5AF2DB5FA560007B995 /* Project object */;
			proxyType = 1;
			remoteGlobalIDString = 8DFBE5B62DB5FA560007B995;
			remoteInfo = SubletHub;
		};
/* End PBXContainerItemProxy section */

/* Begin PBXFileReference section */
		8DFBE5B72DB5FA560007B995 /* SubletHub.app */ = {isa = PBXFileReference; explicitFileType = wrapper.application; includeInIndex = 0; path = SubletHub.app; sourceTree = BUILT_PRODUCTS_DIR; };
		8DFBE5C72DB5FA570007B995 /* SubletHubTests.xctest */ = {isa = PBXFileReference; explicitFileType = wrapper.cfbundle; includeInIndex = 0; path = SubletHubTests.xctest; sourceTree = BUILT_PRODUCTS_DIR; };
		8DFBE5D12DB5FA570007B995 /* SubletHubUITests.xctest */ = {isa = PBXFileReference; explicitFileType = wrapper.cfbundle; includeInIndex = 0; path = SubletHubUITests.xctest; sourceTree = BUILT_PRODUCTS_DIR; };
/* End PBXFileReference section */

/* Begin PBXFileSystemSynchronizedRootGroup section */
		8DFBE5B92DB5FA560007B995 /* SubletHub */ = {
			isa = PBXFileSystemSynchronizedRootGroup;
			path = SubletHub;
			sourceTree = "<group>";
		};
		8DFBE5CA2DB5FA570007B995 /* SubletHubTests */ = {
			isa = PBXFileSystemSynchronizedRootGroup;
			path = SubletHubTests;
			sourceTree = "<group>";
		};
		8DFBE5D42DB5FA570007B995 /* SubletHubUITests */ = {
			isa = PBXFileSystemSynchronizedRootGroup;
			path = SubletHubUITests;
			sourceTree = "<group>";
		};
/* End PBXFileSystemSynchronizedRootGroup section */

/* Begin PBXFrameworksBuildPhase section */
		8DFBE5B42DB5FA560007B995 /* Frameworks */ = {
			isa = PBXFrameworksBuildPhase;
			buildActionMask = 2147483647;
			files = (
				8DFBE5F82DB997A80007B995 /* FirebaseFirestore in Frameworks */,
				8DFBE60F2DBADC450007B995 /* FirebaseAuth in Frameworks */,
				8DFBE6052DB9B28E0007B995 /* FirebaseAnalyticsWithoutAdIdSupport in Frameworks */,
				8DFBE6072DB9B2B80007B995 /* FirebaseCore in Frameworks */,
				8DFBE5FA2DB997A80007B995 /* FirebaseFirestoreCombine-Community in Frameworks */,
			);
			runOnlyForDeploymentPostprocessing = 0;
		};
		8DFBE5C42DB5FA570007B995 /* Frameworks */ = {
			isa = PBXFrameworksBuildPhase;
			buildActionMask = 2147483647;
			files = (
			);
			runOnlyForDeploymentPostprocessing = 0;
		};
		8DFBE5CE2DB5FA570007B995 /* Frameworks */ = {
			isa = PBXFrameworksBuildPhase;
			buildActionMask = 2147483647;
			files = (
			);
			runOnlyForDeploymentPostprocessing = 0;
		};
/* End PBXFrameworksBuildPhase section */

/* Begin PBXGroup section */
		8DFBE5AE2DB5FA560007B995 = {
			isa = PBXGroup;
			children = (
				8DFBE5B92DB5FA560007B995 /* SubletHub */,
				8DFBE5CA2DB5FA570007B995 /* SubletHubTests */,
				8DFBE5D42DB5FA570007B995 /* SubletHubUITests */,
				8DFBE5B82DB5FA560007B995 /* Products */,
			);
			sourceTree = "<group>";
		};
		8DFBE5B82DB5FA560007B995 /* Products */ = {
			isa = PBXGroup;
			children = (
				8DFBE5B72DB5FA560007B995 /* SubletHub.app */,
				8DFBE5C72DB5FA570007B995 /* SubletHubTests.xctest */,
				8DFBE5D12DB5FA570007B995 /* SubletHubUITests.xctest */,
			);
			name = Products;
			sourceTree = "<group>";
		};
/* End PBXGroup section */

/* Begin PBXNativeTarget section */
		8DFBE5B62DB5FA560007B995 /* SubletHub */ = {
			isa = PBXNativeTarget;
			buildConfigurationList = 8DFBE5DB2DB5FA570007B995 /* Build configuration list for PBXNativeTarget "SubletHub" */;
			buildPhases = (
				8DFBE5B32DB5FA560007B995 /* Sources */,
				8DFBE5B42DB5FA560007B995 /* Frameworks */,
				8DFBE5B52DB5FA560007B995 /* Resources */,
			);
			buildRules = (
			);
			dependencies = (
			);
			fileSystemSynchronizedGroups = (
				8DFBE5B92DB5FA560007B995 /* SubletHub */,
			);
			name = SubletHub;
			packageProductDependencies = (
				8DFBE5F72DB997A80007B995 /* FirebaseFirestore */,
				8DFBE5F92DB997A80007B995 /* FirebaseFirestoreCombine-Community */,
				8DFBE6042DB9B28E0007B995 /* FirebaseAnalyticsWithoutAdIdSupport */,
				8DFBE6062DB9B2B80007B995 /* FirebaseCore */,
				8DFBE60E2DBADC450007B995 /* FirebaseAuth */,
			);
			productName = SubletHub;
			productReference = 8DFBE5B72DB5FA560007B995 /* SubletHub.app */;
			productType = "com.apple.product-type.application";
		};
		8DFBE5C62DB5FA570007B995 /* SubletHubTests */ = {
			isa = PBXNativeTarget;
			buildConfigurationList = 8DFBE5DE2DB5FA570007B995 /* Build configuration list for PBXNativeTarget "SubletHubTests" */;
			buildPhases = (
				8DFBE5C32DB5FA570007B995 /* Sources */,
				8DFBE5C42DB5FA570007B995 /* Frameworks */,
				8DFBE5C52DB5FA570007B995 /* Resources */,
			);
			buildRules = (
			);
			dependencies = (
				8DFBE5C92DB5FA570007B995 /* PBXTargetDependency */,
			);
			fileSystemSynchronizedGroups = (
				8DFBE5CA2DB5FA570007B995 /* SubletHubTests */,
			);
			name = SubletHubTests;
			packageProductDependencies = (
			);
			productName = SubletHubTests;
			productReference = 8DFBE5C72DB5FA570007B995 /* SubletHubTests.xctest */;
			productType = "com.apple.product-type.bundle.unit-test";
		};
		8DFBE5D02DB5FA570007B995 /* SubletHubUITests */ = {
			isa = PBXNativeTarget;
			buildConfigurationList = 8DFBE5E12DB5FA570007B995 /* Build configuration list for PBXNativeTarget "SubletHubUITests" */;
			buildPhases = (
				8DFBE5CD2DB5FA570007B995 /* Sources */,
				8DFBE5CE2DB5FA570007B995 /* Frameworks */,
				8DFBE5CF2DB5FA570007B995 /* Resources */,
			);
			buildRules = (
			);
			dependencies = (
				8DFBE5D32DB5FA570007B995 /* PBXTargetDependency */,
			);
			fileSystemSynchronizedGroups = (
				8DFBE5D42DB5FA570007B995 /* SubletHubUITests */,
			);
			name = SubletHubUITests;
			packageProductDependencies = (
			);
			productName = SubletHubUITests;
			productReference = 8DFBE5D12DB5FA570007B995 /* SubletHubUITests.xctest */;
			productType = "com.apple.product-type.bundle.ui-testing";
		};
/* End PBXNativeTarget section */

/* Begin PBXProject section */
		8DFBE5AF2DB5FA560007B995 /* Project object */ = {
			isa = PBXProject;
			attributes = {
				BuildIndependentTargetsInParallel = 1;
				LastSwiftUpdateCheck = 1620;
				LastUpgradeCheck = 1620;
				TargetAttributes = {
					8DFBE5B62DB5FA560007B995 = {
						CreatedOnToolsVersion = 16.2;
					};
					8DFBE5C62DB5FA570007B995 = {
						CreatedOnToolsVersion = 16.2;
						TestTargetID = 8DFBE5B62DB5FA560007B995;
					};
					8DFBE5D02DB5FA570007B995 = {
						CreatedOnToolsVersion = 16.2;
						TestTargetID = 8DFBE5B62DB5FA560007B995;
					};
				};
			};
			buildConfigurationList = 8DFBE5B22DB5FA560007B995 /* Build configuration list for PBXProject "SubletHub" */;
			developmentRegion = en;
			hasScannedForEncodings = 0;
			knownRegions = (
				en,
				Base,
			);
			mainGroup = 8DFBE5AE2DB5FA560007B995;
			minimizedProjectReferenceProxies = 1;
			packageReferences = (
				8DFBE5F62DB997A80007B995 /* XCRemoteSwiftPackageReference "firebase-ios-sdk" */,
			);
			preferredProjectObjectVersion = 77;
			productRefGroup = 8DFBE5B82DB5FA560007B995 /* Products */;
			projectDirPath = "";
			projectRoot = "";
			targets = (
				8DFBE5B62DB5FA560007B995 /* SubletHub */,
				8DFBE5C62DB5FA570007B995 /* SubletHubTests */,
				8DFBE5D02DB5FA570007B995 /* SubletHubUITests */,
			);
		};
/* End PBXProject section */

/* Begin PBXResourcesBuildPhase section */
		8DFBE5B52DB5FA560007B995 /* Resources */ = {
			isa = PBXResourcesBuildPhase;
			buildActionMask = 2147483647;
			files = (
			);
			runOnlyForDeploymentPostprocessing = 0;
		};
		8DFBE5C52DB5FA570007B995 /* Resources */ = {
			isa = PBXResourcesBuildPhase;
			buildActionMask = 2147483647;
			files = (
			);
			runOnlyForDeploymentPostprocessing = 0;
		};
		8DFBE5CF2DB5FA570007B995 /* Resources */ = {
			isa = PBXResourcesBuildPhase;
			buildActionMask = 2147483647;
			files = (
			);
			runOnlyForDeploymentPostprocessing = 0;
		};
/* End PBXResourcesBuildPhase section */

/* Begin PBXSourcesBuildPhase section */
		8DFBE5B32DB5FA560007B995 /* Sources */ = {
			isa = PBXSourcesBuildPhase;
			buildActionMask = 2147483647;
			files = (
			);
			runOnlyForDeploymentPostprocessing = 0;
		};
		8DFBE5C32DB5FA570007B995 /* Sources */ = {
			isa = PBXSourcesBuildPhase;
			buildActionMask = 2147483647;
			files = (
			);
			runOnlyForDeploymentPostprocessing = 0;
		};
		8DFBE5CD2DB5FA570007B995 /* Sources */ = {
			isa = PBXSourcesBuildPhase;
			buildActionMask = 2147483647;
			files = (
			);
			runOnlyForDeploymentPostprocessing = 0;
		};
/* End PBXSourcesBuildPhase section */

/* Begin PBXTargetDependency section */
		8DFBE5C92DB5FA570007B995 /* PBXTargetDependency */ = {
			isa = PBXTargetDependency;
			target = 8DFBE5B62DB5FA560007B995 /* SubletHub */;
			targetProxy = 8DFBE5C82DB5FA570007B995 /* PBXContainerItemProxy */;
		};
		8DFBE5D32DB5FA570007B995 /* PBXTargetDependency */ = {
			isa = PBXTargetDependency;
			target = 8DFBE5B62DB5FA560007B995 /* SubletHub */;
			targetProxy = 8DFBE5D22DB5FA570007B995 /* PBXContainerItemProxy */;
		};
/* End PBXTargetDependency section */

/* Begin XCBuildConfiguration section */
		8DFBE5D92DB5FA570007B995 /* Debug */ = {
			isa = XCBuildConfiguration;
			buildSettings = {
				ALWAYS_SEARCH_USER_PATHS = NO;
				ASSETCATALOG_COMPILER_GENERATE_SWIFT_ASSET_SYMBOL_EXTENSIONS = YES;
				CLANG_ANALYZER_NONNULL = YES;
				CLANG_ANALYZER_NUMBER_OBJECT_CONVERSION = YES_AGGRESSIVE;
				CLANG_CXX_LANGUAGE_STANDARD = "gnu++20";
				CLANG_ENABLE_MODULES = YES;
				CLANG_ENABLE_OBJC_ARC = YES;
				CLANG_ENABLE_OBJC_WEAK = YES;
				CLANG_WARN_BLOCK_CAPTURE_AUTORELEASING = YES;
				CLANG_WARN_BOOL_CONVERSION = YES;
				CLANG_WARN_COMMA = YES;
				CLANG_WARN_CONSTANT_CONVERSION = YES;
				CLANG_WARN_DEPRECATED_OBJC_IMPLEMENTATIONS = YES;
				CLANG_WARN_DIRECT_OBJC_ISA_USAGE = YES_ERROR;
				CLANG_WARN_DOCUMENTATION_COMMENTS = YES;
				CLANG_WARN_EMPTY_BODY = YES;
				CLANG_WARN_ENUM_CONVERSION = YES;
				CLANG_WARN_INFINITE_RECURSION = YES;
				CLANG_WARN_INT_CONVERSION = YES;
				CLANG_WARN_NON_LITERAL_NULL_CONVERSION = YES;
				CLANG_WARN_OBJC_IMPLICIT_RETAIN_SELF = YES;
				CLANG_WARN_OBJC_LITERAL_CONVERSION = YES;
				CLANG_WARN_OBJC_ROOT_CLASS = YES_ERROR;
				CLANG_WARN_QUOTED_INCLUDE_IN_FRAMEWORK_HEADER = YES;
				CLANG_WARN_RANGE_LOOP_ANALYSIS = YES;
				CLANG_WARN_STRICT_PROTOTYPES = YES;
				CLANG_WARN_SUSPICIOUS_MOVE = YES;
				CLANG_WARN_UNGUARDED_AVAILABILITY = YES_AGGRESSIVE;
				CLANG_WARN_UNREACHABLE_CODE = YES;
				CLANG_WARN__DUPLICATE_METHOD_MATCH = YES;
				COPY_PHASE_STRIP = NO;
				DEBUG_INFORMATION_FORMAT = dwarf;
				ENABLE_STRICT_OBJC_MSGSEND = YES;
				ENABLE_TESTABILITY = YES;
				ENABLE_USER_SCRIPT_SANDBOXING = YES;
				GCC_C_LANGUAGE_STANDARD = gnu17;
				GCC_DYNAMIC_NO_PIC = NO;
				GCC_NO_COMMON_BLOCKS = YES;
				GCC_OPTIMIZATION_LEVEL = 0;
				GCC_PREPROCESSOR_DEFINITIONS = (
					"DEBUG=1",
					"$(inherited)",
				);
				GCC_WARN_64_TO_32_BIT_CONVERSION = YES;
				GCC_WARN_ABOUT_RETURN_TYPE = YES_ERROR;
				GCC_WARN_UNDECLARED_SELECTOR = YES;
				GCC_WARN_UNINITIALIZED_AUTOS = YES_AGGRESSIVE;
				GCC_WARN_UNUSED_FUNCTION = YES;
				GCC_WARN_UNUSED_VARIABLE = YES;
				IPHONEOS_DEPLOYMENT_TARGET = 18.2;
				LOCALIZATION_PREFERS_STRING_CATALOGS = YES;
				MTL_ENABLE_DEBUG_INFO = INCLUDE_SOURCE;
				MTL_FAST_MATH = YES;
				ONLY_ACTIVE_ARCH = YES;
				SDKROOT = iphoneos;
				SWIFT_ACTIVE_COMPILATION_CONDITIONS = "DEBUG $(inherited)";
				SWIFT_OPTIMIZATION_LEVEL = "-Onone";
			};
			name = Debug;
		};
		8DFBE5DA2DB5FA570007B995 /* Release */ = {
			isa = XCBuildConfiguration;
			buildSettings = {
				ALWAYS_SEARCH_USER_PATHS = NO;
				ASSETCATALOG_COMPILER_GENERATE_SWIFT_ASSET_SYMBOL_EXTENSIONS = YES;
				CLANG_ANALYZER_NONNULL = YES;
				CLANG_ANALYZER_NUMBER_OBJECT_CONVERSION = YES_AGGRESSIVE;
				CLANG_CXX_LANGUAGE_STANDARD = "gnu++20";
				CLANG_ENABLE_MODULES = YES;
				CLANG_ENABLE_OBJC_ARC = YES;
				CLANG_ENABLE_OBJC_WEAK = YES;
				CLANG_WARN_BLOCK_CAPTURE_AUTORELEASING = YES;
				CLANG_WARN_BOOL_CONVERSION = YES;
				CLANG_WARN_COMMA = YES;
				CLANG_WARN_CONSTANT_CONVERSION = YES;
				CLANG_WARN_DEPRECATED_OBJC_IMPLEMENTATIONS = YES;
				CLANG_WARN_DIRECT_OBJC_ISA_USAGE = YES_ERROR;
				CLANG_WARN_DOCUMENTATION_COMMENTS = YES;
				CLANG_WARN_EMPTY_BODY = YES;
				CLANG_WARN_ENUM_CONVERSION = YES;
				CLANG_WARN_INFINITE_RECURSION = YES;
				CLANG_WARN_INT_CONVERSION = YES;
				CLANG_WARN_NON_LITERAL_NULL_CONVERSION = YES;
				CLANG_WARN_OBJC_IMPLICIT_RETAIN_SELF = YES;
				CLANG_WARN_OBJC_LITERAL_CONVERSION = YES;
				CLANG_WARN_OBJC_ROOT_CLASS = YES_ERROR;
				CLANG_WARN_QUOTED_INCLUDE_IN_FRAMEWORK_HEADER = YES;
				CLANG_WARN_RANGE_LOOP_ANALYSIS = YES;
				CLANG_WARN_STRICT_PROTOTYPES = YES;
				CLANG_WARN_SUSPICIOUS_MOVE = YES;
				CLANG_WARN_UNGUARDED_AVAILABILITY = YES_AGGRESSIVE;
				CLANG_WARN_UNREACHABLE_CODE = YES;
				CLANG_WARN__DUPLICATE_METHOD_MATCH = YES;
				COPY_PHASE_STRIP = NO;
				DEBUG_INFORMATION_FORMAT = "dwarf-with-dsym";
				ENABLE_NS_ASSERTIONS = NO;
				ENABLE_STRICT_OBJC_MSGSEND = YES;
				ENABLE_USER_SCRIPT_SANDBOXING = YES;
				GCC_C_LANGUAGE_STANDARD = gnu17;
				GCC_NO_COMMON_BLOCKS = YES;
				GCC_WARN_64_TO_32_BIT_CONVERSION = YES;
				GCC_WARN_ABOUT_RETURN_TYPE = YES_ERROR;
				GCC_WARN_UNDECLARED_SELECTOR = YES;
				GCC_WARN_UNINITIALIZED_AUTOS = YES_AGGRESSIVE;
				GCC_WARN_UNUSED_FUNCTION = YES;
				GCC_WARN_UNUSED_VARIABLE = YES;
				IPHONEOS_DEPLOYMENT_TARGET = 18.2;
				LOCALIZATION_PREFERS_STRING_CATALOGS = YES;
				MTL_ENABLE_DEBUG_INFO = NO;
				MTL_FAST_MATH = YES;
				SDKROOT = iphoneos;
				SWIFT_COMPILATION_MODE = wholemodule;
				VALIDATE_PRODUCT = YES;
			};
			name = Release;
		};
		8DFBE5DC2DB5FA570007B995 /* Debug */ = {
			isa = XCBuildConfiguration;
			buildSettings = {
				ASSETCATALOG_COMPILER_APPICON_NAME = AppIcon;
				ASSETCATALOG_COMPILER_GLOBAL_ACCENT_COLOR_NAME = AccentColor;
				CODE_SIGN_STYLE = Automatic;
				CURRENT_PROJECT_VERSION = 1;
				DEVELOPMENT_ASSET_PATHS = "\"SubletHub/Preview Content\"";
				ENABLE_PREVIEWS = YES;
				GENERATE_INFOPLIST_FILE = YES;
				INFOPLIST_KEY_UIApplicationSceneManifest_Generation = YES;
				INFOPLIST_KEY_UIApplicationSupportsIndirectInputEvents = YES;
				INFOPLIST_KEY_UILaunchScreen_Generation = YES;
				INFOPLIST_KEY_UISupportedInterfaceOrientations_iPad = "UIInterfaceOrientationPortrait UIInterfaceOrientationPortraitUpsideDown UIInterfaceOrientationLandscapeLeft UIInterfaceOrientationLandscapeRight";
				INFOPLIST_KEY_UISupportedInterfaceOrientations_iPhone = "UIInterfaceOrientationPortrait UIInterfaceOrientationLandscapeLeft UIInterfaceOrientationLandscapeRight";
				LD_RUNPATH_SEARCH_PATHS = (
					"$(inherited)",
					"@executable_path/Frameworks",
				);
				MARKETING_VERSION = 1.0;
				PRODUCT_BUNDLE_IDENTIFIER = com.KhoiDinh.SubletHub;
				PRODUCT_NAME = "$(TARGET_NAME)";
				SWIFT_EMIT_LOC_STRINGS = YES;
				SWIFT_VERSION = 5.0;
				TARGETED_DEVICE_FAMILY = "1,2";
			};
			name = Debug;
		};
		8DFBE5DD2DB5FA570007B995 /* Release */ = {
			isa = XCBuildConfiguration;
			buildSettings = {
				ASSETCATALOG_COMPILER_APPICON_NAME = AppIcon;
				ASSETCATALOG_COMPILER_GLOBAL_ACCENT_COLOR_NAME = AccentColor;
				CODE_SIGN_STYLE = Automatic;
				CURRENT_PROJECT_VERSION = 1;
				DEVELOPMENT_ASSET_PATHS = "\"SubletHub/Preview Content\"";
				ENABLE_PREVIEWS = YES;
				GENERATE_INFOPLIST_FILE = YES;
				INFOPLIST_KEY_UIApplicationSceneManifest_Generation = YES;
				INFOPLIST_KEY_UIApplicationSupportsIndirectInputEvents = YES;
				INFOPLIST_KEY_UILaunchScreen_Generation = YES;
				INFOPLIST_KEY_UISupportedInterfaceOrientations_iPad = "UIInterfaceOrientationPortrait UIInterfaceOrientationPortraitUpsideDown UIInterfaceOrientationLandscapeLeft UIInterfaceOrientationLandscapeRight";
				INFOPLIST_KEY_UISupportedInterfaceOrientations_iPhone = "UIInterfaceOrientationPortrait UIInterfaceOrientationLandscapeLeft UIInterfaceOrientationLandscapeRight";
				LD_RUNPATH_SEARCH_PATHS = (
					"$(inherited)",
					"@executable_path/Frameworks",
				);
				MARKETING_VERSION = 1.0;
				PRODUCT_BUNDLE_IDENTIFIER = com.KhoiDinh.SubletHub;
				PRODUCT_NAME = "$(TARGET_NAME)";
				SWIFT_EMIT_LOC_STRINGS = YES;
				SWIFT_VERSION = 5.0;
				TARGETED_DEVICE_FAMILY = "1,2";
			};
			name = Release;
		};
		8DFBE5DF2DB5FA570007B995 /* Debug */ = {
			isa = XCBuildConfiguration;
			buildSettings = {
				BUNDLE_LOADER = "$(TEST_HOST)";
				CODE_SIGN_STYLE = Automatic;
				CURRENT_PROJECT_VERSION = 1;
				GENERATE_INFOPLIST_FILE = YES;
				IPHONEOS_DEPLOYMENT_TARGET = 18.2;
				MARKETING_VERSION = 1.0;
				PRODUCT_BUNDLE_IDENTIFIER = com.KhoiDinh.SubletHubTests;
				PRODUCT_NAME = "$(TARGET_NAME)";
				SWIFT_EMIT_LOC_STRINGS = NO;
				SWIFT_VERSION = 5.0;
				TARGETED_DEVICE_FAMILY = "1,2";
				TEST_HOST = "$(BUILT_PRODUCTS_DIR)/SubletHub.app/$(BUNDLE_EXECUTABLE_FOLDER_PATH)/SubletHub";
			};
			name = Debug;
		};
		8DFBE5E02DB5FA570007B995 /* Release */ = {
			isa = XCBuildConfiguration;
			buildSettings = {
				BUNDLE_LOADER = "$(TEST_HOST)";
				CODE_SIGN_STYLE = Automatic;
				CURRENT_PROJECT_VERSION = 1;
				GENERATE_INFOPLIST_FILE = YES;
				IPHONEOS_DEPLOYMENT_TARGET = 18.2;
				MARKETING_VERSION = 1.0;
				PRODUCT_BUNDLE_IDENTIFIER = com.KhoiDinh.SubletHubTests;
				PRODUCT_NAME = "$(TARGET_NAME)";
				SWIFT_EMIT_LOC_STRINGS = NO;
				SWIFT_VERSION = 5.0;
				TARGETED_DEVICE_FAMILY = "1,2";
				TEST_HOST = "$(BUILT_PRODUCTS_DIR)/SubletHub.app/$(BUNDLE_EXECUTABLE_FOLDER_PATH)/SubletHub";
			};
			name = Release;
		};
		8DFBE5E22DB5FA570007B995 /* Debug */ = {
			isa = XCBuildConfiguration;
			buildSettings = {
				CODE_SIGN_STYLE = Automatic;
				CURRENT_PROJECT_VERSION = 1;
				GENERATE_INFOPLIST_FILE = YES;
				MARKETING_VERSION = 1.0;
				PRODUCT_BUNDLE_IDENTIFIER = com.KhoiDinh.SubletHubUITests;
				PRODUCT_NAME = "$(TARGET_NAME)";
				SWIFT_EMIT_LOC_STRINGS = NO;
				SWIFT_VERSION = 5.0;
				TARGETED_DEVICE_FAMILY = "1,2";
				TEST_TARGET_NAME = SubletHub;
			};
			name = Debug;
		};
		8DFBE5E32DB5FA570007B995 /* Release */ = {
			isa = XCBuildConfiguration;
			buildSettings = {
				CODE_SIGN_STYLE = Automatic;
				CURRENT_PROJECT_VERSION = 1;
				GENERATE_INFOPLIST_FILE = YES;
				MARKETING_VERSION = 1.0;
				PRODUCT_BUNDLE_IDENTIFIER = com.KhoiDinh.SubletHubUITests;
				PRODUCT_NAME = "$(TARGET_NAME)";
				SWIFT_EMIT_LOC_STRINGS = NO;
				SWIFT_VERSION = 5.0;
				TARGETED_DEVICE_FAMILY = "1,2";
				TEST_TARGET_NAME = SubletHub;
			};
			name = Release;
		};
/* End XCBuildConfiguration section */

/* Begin XCConfigurationList section */
		8DFBE5B22DB5FA560007B995 /* Build configuration list for PBXProject "SubletHub" */ = {
			isa = XCConfigurationList;
			buildConfigurations = (
				8DFBE5D92DB5FA570007B995 /* Debug */,
				8DFBE5DA2DB5FA570007B995 /* Release */,
			);
			defaultConfigurationIsVisible = 0;
			defaultConfigurationName = Release;
		};
		8DFBE5DB2DB5FA570007B995 /* Build configuration list for PBXNativeTarget "SubletHub" */ = {
			isa = XCConfigurationList;
			buildConfigurations = (
				8DFBE5DC2DB5FA570007B995 /* Debug */,
				8DFBE5DD2DB5FA570007B995 /* Release */,
			);
			defaultConfigurationIsVisible = 0;
			defaultConfigurationName = Release;
		};
		8DFBE5DE2DB5FA570007B995 /* Build configuration list for PBXNativeTarget "SubletHubTests" */ = {
			isa = XCConfigurationList;
			buildConfigurations = (
				8DFBE5DF2DB5FA570007B995 /* Debug */,
				8DFBE5E02DB5FA570007B995 /* Release */,
			);
			defaultConfigurationIsVisible = 0;
			defaultConfigurationName = Release;
		};
		8DFBE5E12DB5FA570007B995 /* Build configuration list for PBXNativeTarget "SubletHubUITests" */ = {
			isa = XCConfigurationList;
			buildConfigurations = (
				8DFBE5E22DB5FA570007B995 /* Debug */,
				8DFBE5E32DB5FA570007B995 /* Release */,
			);
			defaultConfigurationIsVisible = 0;
			defaultConfigurationName = Release;
		};
/* End XCConfigurationList section */

/* Begin XCRemoteSwiftPackageReference section */
		8DFBE5F62DB997A80007B995 /* XCRemoteSwiftPackageReference "firebase-ios-sdk" */ = {
			isa = XCRemoteSwiftPackageReference;
			repositoryURL = "https://github.com/firebase/firebase-ios-sdk";
			requirement = {
				kind = upToNextMajorVersion;
				minimumVersion = 11.12.0;
			};
		};
/* End XCRemoteSwiftPackageReference section */

/* Begin XCSwiftPackageProductDependency section */
		8DFBE5F72DB997A80007B995 /* FirebaseFirestore */ = {
			isa = XCSwiftPackageProductDependency;
			package = 8DFBE5F62DB997A80007B995 /* XCRemoteSwiftPackageReference "firebase-ios-sdk" */;
			productName = FirebaseFirestore;
		};
		8DFBE5F92DB997A80007B995 /* FirebaseFirestoreCombine-Community */ = {
			isa = XCSwiftPackageProductDependency;
			package = 8DFBE5F62DB997A80007B995 /* XCRemoteSwiftPackageReference "firebase-ios-sdk" */;
			productName = "FirebaseFirestoreCombine-Community";
		};
		8DFBE6042DB9B28E0007B995 /* FirebaseAnalyticsWithoutAdIdSupport */ = {
			isa = XCSwiftPackageProductDependency;
			package = 8DFBE5F62DB997A80007B995 /* XCRemoteSwiftPackageReference "firebase-ios-sdk" */;
			productName = FirebaseAnalyticsWithoutAdIdSupport;
		};
		8DFBE6062DB9B2B80007B995 /* FirebaseCore */ = {
			isa = XCSwiftPackageProductDependency;
			package = 8DFBE5F62DB997A80007B995 /* XCRemoteSwiftPackageReference "firebase-ios-sdk" */;
			productName = FirebaseCore;
		};
		8DFBE60E2DBADC450007B995 /* FirebaseAuth */ = {
			isa = XCSwiftPackageProductDependency;
			package = 8DFBE5F62DB997A80007B995 /* XCRemoteSwiftPackageReference "firebase-ios-sdk" */;
			productName = FirebaseAuth;
		};
/* End XCSwiftPackageProductDependency section */
	};
	rootObject = 8DFBE5AF2DB5FA560007B995 /* Project object */;
}
